
Microsoft Visual Studio Solution File, Format Version 12.00
# Visual Studio Version 17
VisualStudioVersion = 17.0.31903.59
MinimumVisualStudioVersion = 10.0.40219.1
Project("{2150E333-8FDC-42A3-9474-1A3956D46DE8}") = "Customer", "Customer", "{5E9B8CC1-ABCC-4EFB-883E-6C5A1EAA0A71}"
EndProject
Project("{FAE04EC0-301F-11D3-BF4B-00C04F79EFBC}") = "Customer.Api", "Customer\Customer.Api\Customer.Api.csproj", "{F1720BE7-599C-42BE-9C4D-3A406BE69370}"
EndProject
Global
	GlobalSection(SolutionConfigurationPlatforms) = preSolution
		Debug|Any CPU = Debug|Any CPU
		Release|Any CPU = Release|Any CPU
	EndGlobalSection
	GlobalSection(SolutionProperties) = preSolution
		HideSolutionNode = FALSE
	EndGlobalSection
	GlobalSection(ProjectConfigurationPlatforms) = postSolution
		{F1720BE7-599C-42BE-9C4D-3A406BE69370}.Debug|Any CPU.ActiveCfg = Debug|Any CPU
		{F1720BE7-599C-42BE-9C4D-3A406BE69370}.Debug|Any CPU.Build.0 = Debug|Any CPU
		{F1720BE7-599C-42BE-9C4D-3A406BE69370}.Release|Any CPU.ActiveCfg = Release|Any CPU
		{F1720BE7-599C-42BE-9C4D-3A406BE69370}.Release|Any CPU.Build.0 = Release|Any CPU
	EndGlobalSection
	GlobalSection(NestedProjects) = preSolution
		{F1720BE7-599C-42BE-9C4D-3A406BE69370} = {5E9B8CC1-ABCC-4EFB-883E-6C5A1EAA0A71}
	EndGlobalSection
EndGlobal
