
Microsoft Visual Studio Solution File, Format Version 12.00
# Visual Studio Version 17
VisualStudioVersion = 17.0.31903.59
MinimumVisualStudioVersion = 10.0.40219.1
Project("{2150E333-8FDC-42A3-9474-1A3956D46DE8}") = "User", "User", "{49E5C5B5-2539-493B-A9D6-806E0BFFBBB6}"
EndProject
Project("{FAE04EC0-301F-11D3-BF4B-00C04F79EFBC}") = "User.Api", "User\User.Api\User.Api.csproj", "{0D804FED-2325-4304-84DA-030BC17BAB62}"
EndProject
Project("{FAE04EC0-301F-11D3-BF4B-00C04F79EFBC}") = "User.Core", "User\User.Core\User.Core.csproj", "{CEB400FE-7FFB-4D11-8399-EBB9877F7EC9}"
EndProject
Project("{FAE04EC0-301F-11D3-BF4B-00C04F79EFBC}") = "User.Application", "User\User.Application\User.Application.csproj", "{74FA3888-F165-4C66-85ED-6731523CA186}"
EndProject
Project("{FAE04EC0-301F-11D3-BF4B-00C04F79EFBC}") = "User.Infrastructure", "User\User.Infrastructure\User.Infrastructure.csproj", "{6CA938F1-E303-4426-B26C-43517A96251F}"
EndProject
Global
	GlobalSection(SolutionConfigurationPlatforms) = preSolution
		Debug|Any CPU = Debug|Any CPU
		Release|Any CPU = Release|Any CPU
	EndGlobalSection
	GlobalSection(SolutionProperties) = preSolution
		HideSolutionNode = FALSE
	EndGlobalSection
	GlobalSection(ProjectConfigurationPlatforms) = postSolution
		{0D804FED-2325-4304-84DA-030BC17BAB62}.Debug|Any CPU.ActiveCfg = Debug|Any CPU
		{0D804FED-2325-4304-84DA-030BC17BAB62}.Debug|Any CPU.Build.0 = Debug|Any CPU
		{0D804FED-2325-4304-84DA-030BC17BAB62}.Release|Any CPU.ActiveCfg = Release|Any CPU
		{0D804FED-2325-4304-84DA-030BC17BAB62}.Release|Any CPU.Build.0 = Release|Any CPU
		{CEB400FE-7FFB-4D11-8399-EBB9877F7EC9}.Debug|Any CPU.ActiveCfg = Debug|Any CPU
		{CEB400FE-7FFB-4D11-8399-EBB9877F7EC9}.Debug|Any CPU.Build.0 = Debug|Any CPU
		{CEB400FE-7FFB-4D11-8399-EBB9877F7EC9}.Release|Any CPU.ActiveCfg = Release|Any CPU
		{CEB400FE-7FFB-4D11-8399-EBB9877F7EC9}.Release|Any CPU.Build.0 = Release|Any CPU
		{74FA3888-F165-4C66-85ED-6731523CA186}.Debug|Any CPU.ActiveCfg = Debug|Any CPU
		{74FA3888-F165-4C66-85ED-6731523CA186}.Debug|Any CPU.Build.0 = Debug|Any CPU
		{74FA3888-F165-4C66-85ED-6731523CA186}.Release|Any CPU.ActiveCfg = Release|Any CPU
		{74FA3888-F165-4C66-85ED-6731523CA186}.Release|Any CPU.Build.0 = Release|Any CPU
		{6CA938F1-E303-4426-B26C-43517A96251F}.Debug|Any CPU.ActiveCfg = Debug|Any CPU
		{6CA938F1-E303-4426-B26C-43517A96251F}.Debug|Any CPU.Build.0 = Debug|Any CPU
		{6CA938F1-E303-4426-B26C-43517A96251F}.Release|Any CPU.ActiveCfg = Release|Any CPU
		{6CA938F1-E303-4426-B26C-43517A96251F}.Release|Any CPU.Build.0 = Release|Any CPU
	EndGlobalSection
	GlobalSection(NestedProjects) = preSolution
		{0D804FED-2325-4304-84DA-030BC17BAB62} = {49E5C5B5-2539-493B-A9D6-806E0BFFBBB6}
		{CEB400FE-7FFB-4D11-8399-EBB9877F7EC9} = {49E5C5B5-2539-493B-A9D6-806E0BFFBBB6}
		{74FA3888-F165-4C66-85ED-6731523CA186} = {49E5C5B5-2539-493B-A9D6-806E0BFFBBB6}
		{6CA938F1-E303-4426-B26C-43517A96251F} = {49E5C5B5-2539-493B-A9D6-806E0BFFBBB6}
	EndGlobalSection
EndGlobal
