
Microsoft Visual Studio Solution File, Format Version 12.00
# Visual Studio Version 17
VisualStudioVersion = 17.5.002.0
MinimumVisualStudioVersion = 10.0.40219.1
Project("{9A19103F-16F7-4668-BE54-9A1E7A4F7556}") = "User.Api", "User.Api\User.Api.csproj", "{95087F99-F4A9-4F1F-A97B-D7D2C1B2307F}"
EndProject
Project("{9A19103F-16F7-4668-BE54-9A1E7A4F7556}") = "User.Application", "User.Application\User.Application.csproj", "{03FCBCF8-B2D4-4020-89B9-C40F615E3BAA}"
EndProject
Project("{9A19103F-16F7-4668-BE54-9A1E7A4F7556}") = "User.Core", "User.Core\User.Core.csproj", "{91185FE0-66F7-4AE0-8314-F6B48D50BB95}"
EndProject
Project("{9A19103F-16F7-4668-BE54-9A1E7A4F7556}") = "User.Infrastructure", "User.Infrastructure\User.Infrastructure.csproj", "{00042F66-CAA3-46CA-90D7-B45FA220314A}"
EndProject
Global
	GlobalSection(SolutionConfigurationPlatforms) = preSolution
		Debug|Any CPU = Debug|Any CPU
		Release|Any CPU = Release|Any CPU
	EndGlobalSection
	GlobalSection(ProjectConfigurationPlatforms) = postSolution
		{95087F99-F4A9-4F1F-A97B-D7D2C1B2307F}.Debug|Any CPU.ActiveCfg = Debug|Any CPU
		{95087F99-F4A9-4F1F-A97B-D7D2C1B2307F}.Debug|Any CPU.Build.0 = Debug|Any CPU
		{95087F99-F4A9-4F1F-A97B-D7D2C1B2307F}.Release|Any CPU.ActiveCfg = Release|Any CPU
		{95087F99-F4A9-4F1F-A97B-D7D2C1B2307F}.Release|Any CPU.Build.0 = Release|Any CPU
		{03FCBCF8-B2D4-4020-89B9-C40F615E3BAA}.Debug|Any CPU.ActiveCfg = Debug|Any CPU
		{03FCBCF8-B2D4-4020-89B9-C40F615E3BAA}.Debug|Any CPU.Build.0 = Debug|Any CPU
		{03FCBCF8-B2D4-4020-89B9-C40F615E3BAA}.Release|Any CPU.ActiveCfg = Release|Any CPU
		{03FCBCF8-B2D4-4020-89B9-C40F615E3BAA}.Release|Any CPU.Build.0 = Release|Any CPU
		{91185FE0-66F7-4AE0-8314-F6B48D50BB95}.Debug|Any CPU.ActiveCfg = Debug|Any CPU
		{91185FE0-66F7-4AE0-8314-F6B48D50BB95}.Debug|Any CPU.Build.0 = Debug|Any CPU
		{91185FE0-66F7-4AE0-8314-F6B48D50BB95}.Release|Any CPU.ActiveCfg = Release|Any CPU
		{91185FE0-66F7-4AE0-8314-F6B48D50BB95}.Release|Any CPU.Build.0 = Release|Any CPU
		{00042F66-CAA3-46CA-90D7-B45FA220314A}.Debug|Any CPU.ActiveCfg = Debug|Any CPU
		{00042F66-CAA3-46CA-90D7-B45FA220314A}.Debug|Any CPU.Build.0 = Debug|Any CPU
		{00042F66-CAA3-46CA-90D7-B45FA220314A}.Release|Any CPU.ActiveCfg = Release|Any CPU
		{00042F66-CAA3-46CA-90D7-B45FA220314A}.Release|Any CPU.Build.0 = Release|Any CPU
	EndGlobalSection
	GlobalSection(SolutionProperties) = preSolution
		HideSolutionNode = FALSE
	EndGlobalSection
	GlobalSection(ExtensibilityGlobals) = postSolution
		SolutionGuid = {6F8E05C4-E4E1-48D8-85A6-360A9EFE3F62}
	EndGlobalSection
EndGlobal
