
Microsoft Visual Studio Solution File, Format Version 12.00
# Visual Studio Version 17
VisualStudioVersion = 17.5.002.0
MinimumVisualStudioVersion = 10.0.40219.1
Project("{9A19103F-16F7-4668-BE54-9A1E7A4F7556}") = "User.Api", "User.Api\User.Api.csproj", "{9078C349-C0F2-43DB-8238-B5BD2C8C33F7}"
EndProject
Project("{9A19103F-16F7-4668-BE54-9A1E7A4F7556}") = "User.Application", "User.Application\User.Application.csproj", "{9304D464-3569-4B00-8951-818EC3E1FE55}"
EndProject
Project("{9A19103F-16F7-4668-BE54-9A1E7A4F7556}") = "User.Core", "User.Core\User.Core.csproj", "{DB8B1CC2-3C34-4AD4-9912-5CB81EA3DD2F}"
EndProject
Project("{9A19103F-16F7-4668-BE54-9A1E7A4F7556}") = "User.Infrastructure", "User.Infrastructure\User.Infrastructure.csproj", "{683C2E6C-DECA-4AC1-B29B-1EBB846A8D9F}"
EndProject
Global
	GlobalSection(SolutionConfigurationPlatforms) = preSolution
		Debug|Any CPU = Debug|Any CPU
		Release|Any CPU = Release|Any CPU
	EndGlobalSection
	GlobalSection(ProjectConfigurationPlatforms) = postSolution
		{9078C349-C0F2-43DB-8238-B5BD2C8C33F7}.Debug|Any CPU.ActiveCfg = Debug|Any CPU
		{9078C349-C0F2-43DB-8238-B5BD2C8C33F7}.Debug|Any CPU.Build.0 = Debug|Any CPU
		{9078C349-C0F2-43DB-8238-B5BD2C8C33F7}.Release|Any CPU.ActiveCfg = Release|Any CPU
		{9078C349-C0F2-43DB-8238-B5BD2C8C33F7}.Release|Any CPU.Build.0 = Release|Any CPU
		{9304D464-3569-4B00-8951-818EC3E1FE55}.Debug|Any CPU.ActiveCfg = Debug|Any CPU
		{9304D464-3569-4B00-8951-818EC3E1FE55}.Debug|Any CPU.Build.0 = Debug|Any CPU
		{9304D464-3569-4B00-8951-818EC3E1FE55}.Release|Any CPU.ActiveCfg = Release|Any CPU
		{9304D464-3569-4B00-8951-818EC3E1FE55}.Release|Any CPU.Build.0 = Release|Any CPU
		{DB8B1CC2-3C34-4AD4-9912-5CB81EA3DD2F}.Debug|Any CPU.ActiveCfg = Debug|Any CPU
		{DB8B1CC2-3C34-4AD4-9912-5CB81EA3DD2F}.Debug|Any CPU.Build.0 = Debug|Any CPU
		{DB8B1CC2-3C34-4AD4-9912-5CB81EA3DD2F}.Release|Any CPU.ActiveCfg = Release|Any CPU
		{DB8B1CC2-3C34-4AD4-9912-5CB81EA3DD2F}.Release|Any CPU.Build.0 = Release|Any CPU
		{683C2E6C-DECA-4AC1-B29B-1EBB846A8D9F}.Debug|Any CPU.ActiveCfg = Debug|Any CPU
		{683C2E6C-DECA-4AC1-B29B-1EBB846A8D9F}.Debug|Any CPU.Build.0 = Debug|Any CPU
		{683C2E6C-DECA-4AC1-B29B-1EBB846A8D9F}.Release|Any CPU.ActiveCfg = Release|Any CPU
		{683C2E6C-DECA-4AC1-B29B-1EBB846A8D9F}.Release|Any CPU.Build.0 = Release|Any CPU
	EndGlobalSection
	GlobalSection(SolutionProperties) = preSolution
		HideSolutionNode = FALSE
	EndGlobalSection
	GlobalSection(ExtensibilityGlobals) = postSolution
		SolutionGuid = {792EFA0A-37FD-4A74-94E2-55017BC17FEC}
	EndGlobalSection
EndGlobal
